
Microsoft Visual Studio Solution File, Format Version 12.00
Project("{FAE04EC0-301F-11D3-BF4B-00C04F79EFBC}") = "GptBlog.Data", "GptBlog.Data\GptBlog.Data.csproj", "{37FCFBA5-0C6F-47E7-89A9-F29B5D05D8FD}"
EndProject
Project("{FAE04EC0-301F-11D3-BF4B-00C04F79EFBC}") = "GptBlog.Models", "GptBlog.Models\GptBlog.Models.csproj", "{212730D1-0A0A-4281-BF99-96FBF2A2A632}"
EndProject
Project("{FAE04EC0-301F-11D3-BF4B-00C04F79EFBC}") = "GptBlog.Backend", "GptBlog.Backend\GptBlog.Backend.csproj", "{BE3EB13B-4106-4521-B9B8-4CB1B01D41BF}"
EndProject
Project("{FAE04EC0-301F-11D3-BF4B-00C04F79EFBC}") = "GptBlog.Services", "GptBlog.Services\GptBlog.Services.csproj", "{795E43DE-135F-4583-A233-7E04B376D0E5}"
EndProject
Project("{FAE04EC0-301F-11D3-BF4B-00C04F79EFBC}") = "GptBlog.Controllers", "GptBlog.Controllers\GptBlog.Controllers.csproj", "{BDBE8EB3-2A64-43D0-BAEC-98D3E04EB54B}"
EndProject
Global
	GlobalSection(SolutionConfigurationPlatforms) = preSolution
		Debug|Any CPU = Debug|Any CPU
		Release|Any CPU = Release|Any CPU
	EndGlobalSection
	GlobalSection(ProjectConfigurationPlatforms) = postSolution
		{37FCFBA5-0C6F-47E7-89A9-F29B5D05D8FD}.Debug|Any CPU.ActiveCfg = Debug|Any CPU
		{37FCFBA5-0C6F-47E7-89A9-F29B5D05D8FD}.Debug|Any CPU.Build.0 = Debug|Any CPU
		{37FCFBA5-0C6F-47E7-89A9-F29B5D05D8FD}.Release|Any CPU.ActiveCfg = Release|Any CPU
		{37FCFBA5-0C6F-47E7-89A9-F29B5D05D8FD}.Release|Any CPU.Build.0 = Release|Any CPU
		{212730D1-0A0A-4281-BF99-96FBF2A2A632}.Debug|Any CPU.ActiveCfg = Debug|Any CPU
		{212730D1-0A0A-4281-BF99-96FBF2A2A632}.Debug|Any CPU.Build.0 = Debug|Any CPU
		{212730D1-0A0A-4281-BF99-96FBF2A2A632}.Release|Any CPU.ActiveCfg = Release|Any CPU
		{212730D1-0A0A-4281-BF99-96FBF2A2A632}.Release|Any CPU.Build.0 = Release|Any CPU
		{BE3EB13B-4106-4521-B9B8-4CB1B01D41BF}.Debug|Any CPU.ActiveCfg = Debug|Any CPU
		{BE3EB13B-4106-4521-B9B8-4CB1B01D41BF}.Debug|Any CPU.Build.0 = Debug|Any CPU
		{BE3EB13B-4106-4521-B9B8-4CB1B01D41BF}.Release|Any CPU.ActiveCfg = Release|Any CPU
		{BE3EB13B-4106-4521-B9B8-4CB1B01D41BF}.Release|Any CPU.Build.0 = Release|Any CPU
		{795E43DE-135F-4583-A233-7E04B376D0E5}.Debug|Any CPU.ActiveCfg = Debug|Any CPU
		{795E43DE-135F-4583-A233-7E04B376D0E5}.Debug|Any CPU.Build.0 = Debug|Any CPU
		{795E43DE-135F-4583-A233-7E04B376D0E5}.Release|Any CPU.ActiveCfg = Release|Any CPU
		{795E43DE-135F-4583-A233-7E04B376D0E5}.Release|Any CPU.Build.0 = Release|Any CPU
		{BDBE8EB3-2A64-43D0-BAEC-98D3E04EB54B}.Debug|Any CPU.ActiveCfg = Debug|Any CPU
		{BDBE8EB3-2A64-43D0-BAEC-98D3E04EB54B}.Debug|Any CPU.Build.0 = Debug|Any CPU
		{BDBE8EB3-2A64-43D0-BAEC-98D3E04EB54B}.Release|Any CPU.ActiveCfg = Release|Any CPU
		{BDBE8EB3-2A64-43D0-BAEC-98D3E04EB54B}.Release|Any CPU.Build.0 = Release|Any CPU
	EndGlobalSection
EndGlobal
